// !$*UTF8*$!
{
	archiveVersion = 1;
	classes = {
	};
	objectVersion = 50;
	objects = {

/* Begin PBXBuildFile section */
		66A0B3172338BFE400F8CBA6 /* AppDelegate.m in Sources */ = {isa = PBXBuildFile; fileRef = 66A0B3162338BFE400F8CBA6 /* AppDelegate.m */; };
		66A0B31A2338BFE400F8CBA6 /* ViewController.m in Sources */ = {isa = PBXBuildFile; fileRef = 66A0B3192338BFE400F8CBA6 /* ViewController.m */; };
		66A0B31D2338BFE400F8CBA6 /* Main.storyboard in Resources */ = {isa = PBXBuildFile; fileRef = 66A0B31B2338BFE400F8CBA6 /* Main.storyboard */; };
		66A0B31F2338BFE500F8CBA6 /* Assets.xcassets in Resources */ = {isa = PBXBuildFile; fileRef = 66A0B31E2338BFE500F8CBA6 /* Assets.xcassets */; };
		66A0B3222338BFE500F8CBA6 /* LaunchScreen.storyboard in Resources */ = {isa = PBXBuildFile; fileRef = 66A0B3202338BFE500F8CBA6 /* LaunchScreen.storyboard */; };
		66A0B3252338BFE500F8CBA6 /* main.m in Sources */ = {isa = PBXBuildFile; fileRef = 66A0B3242338BFE500F8CBA6 /* main.m */; };
		66A0B32F2338BFE500F8CBA6 /* AES_Base64_DemoUITests.m in Sources */ = {isa = PBXBuildFile; fileRef = 66A0B32E2338BFE500F8CBA6 /* AES_Base64_DemoUITests.m */; };
		66A0B33D2338C15C00F8CBA6 /* ApiEncryptionTool.mm in Sources */ = {isa = PBXBuildFile; fileRef = 66A0B33C2338C15C00F8CBA6 /* ApiEncryptionTool.mm */; };
		66A0B3402338C18900F8CBA6 /* AESTool.cpp in Sources */ = {isa = PBXBuildFile; fileRef = 66A0B33E2338C18900F8CBA6 /* AESTool.cpp */; };
		66A0B3432338C2CF00F8CBA6 /* Base64Tool.cpp in Sources */ = {isa = PBXBuildFile; fileRef = 66A0B3412338C2CF00F8CBA6 /* Base64Tool.cpp */; };
/* End PBXBuildFile section */

/* Begin PBXContainerItemProxy section */
		66A0B32B2338BFE500F8CBA6 /* PBXContainerItemProxy */ = {
			isa = PBXContainerItemProxy;
			containerPortal = 66A0B30A2338BFE400F8CBA6 /* Project object */;
			proxyType = 1;
			remoteGlobalIDString = 66A0B3112338BFE400F8CBA6;
			remoteInfo = AES_Base64_Demo;
		};
/* End PBXContainerItemProxy section */

/* Begin PBXFileReference section */
		66A0B3122338BFE400F8CBA6 /* AES_Base64_Demo.app */ = {isa = PBXFileReference; explicitFileType = wrapper.application; includeInIndex = 0; path = AES_Base64_Demo.app; sourceTree = BUILT_PRODUCTS_DIR; };
		66A0B3152338BFE400F8CBA6 /* AppDelegate.h */ = {isa = PBXFileReference; lastKnownFileType = sourcecode.c.h; path = AppDelegate.h; sourceTree = "<group>"; };
		66A0B3162338BFE400F8CBA6 /* AppDelegate.m */ = {isa = PBXFileReference; lastKnownFileType = sourcecode.c.objc; path = AppDelegate.m; sourceTree = "<group>"; };
		66A0B3182338BFE400F8CBA6 /* ViewController.h */ = {isa = PBXFileReference; lastKnownFileType = sourcecode.c.h; path = ViewController.h; sourceTree = "<group>"; };
		66A0B3192338BFE400F8CBA6 /* ViewController.m */ = {isa = PBXFileReference; lastKnownFileType = sourcecode.c.objc; path = ViewController.m; sourceTree = "<group>"; };
		66A0B31C2338BFE400F8CBA6 /* Base */ = {isa = PBXFileReference; lastKnownFileType = file.storyboard; name = Base; path = Base.lproj/Main.storyboard; sourceTree = "<group>"; };
		66A0B31E2338BFE500F8CBA6 /* Assets.xcassets */ = {isa = PBXFileReference; lastKnownFileType = folder.assetcatalog; path = Assets.xcassets; sourceTree = "<group>"; };
		66A0B3212338BFE500F8CBA6 /* Base */ = {isa = PBXFileReference; lastKnownFileType = file.storyboard; name = Base; path = Base.lproj/LaunchScreen.storyboard; sourceTree = "<group>"; };
		66A0B3232338BFE500F8CBA6 /* Info.plist */ = {isa = PBXFileReference; lastKnownFileType = text.plist.xml; path = Info.plist; sourceTree = "<group>"; };
		66A0B3242338BFE500F8CBA6 /* main.m */ = {isa = PBXFileReference; lastKnownFileType = sourcecode.c.objc; path = main.m; sourceTree = "<group>"; };
		66A0B32A2338BFE500F8CBA6 /* AES_Base64_DemoUITests.xctest */ = {isa = PBXFileReference; explicitFileType = wrapper.cfbundle; includeInIndex = 0; path = AES_Base64_DemoUITests.xctest; sourceTree = BUILT_PRODUCTS_DIR; };
		66A0B32E2338BFE500F8CBA6 /* AES_Base64_DemoUITests.m */ = {isa = PBXFileReference; lastKnownFileType = sourcecode.c.objc; path = AES_Base64_DemoUITests.m; sourceTree = "<group>"; };
		66A0B3302338BFE500F8CBA6 /* Info.plist */ = {isa = PBXFileReference; lastKnownFileType = text.plist.xml; path = Info.plist; sourceTree = "<group>"; };
		66A0B33B2338C15C00F8CBA6 /* ApiEncryptionTool.h */ = {isa = PBXFileReference; lastKnownFileType = sourcecode.c.h; path = ApiEncryptionTool.h; sourceTree = "<group>"; };
		66A0B33C2338C15C00F8CBA6 /* ApiEncryptionTool.mm */ = {isa = PBXFileReference; lastKnownFileType = sourcecode.cpp.objcpp; path = ApiEncryptionTool.mm; sourceTree = "<group>"; };
		66A0B33E2338C18900F8CBA6 /* AESTool.cpp */ = {isa = PBXFileReference; lastKnownFileType = sourcecode.cpp.cpp; path = AESTool.cpp; sourceTree = "<group>"; };
		66A0B33F2338C18900F8CBA6 /* AESTool.hpp */ = {isa = PBXFileReference; lastKnownFileType = sourcecode.cpp.h; path = AESTool.hpp; sourceTree = "<group>"; };
		66A0B3412338C2CF00F8CBA6 /* Base64Tool.cpp */ = {isa = PBXFileReference; lastKnownFileType = sourcecode.cpp.cpp; path = Base64Tool.cpp; sourceTree = "<group>"; };
		66A0B3422338C2CF00F8CBA6 /* Base64Tool.hpp */ = {isa = PBXFileReference; lastKnownFileType = sourcecode.cpp.h; path = Base64Tool.hpp; sourceTree = "<group>"; };
/* End PBXFileReference section */

/* Begin PBXFrameworksBuildPhase section */
		66A0B30F2338BFE400F8CBA6 /* Frameworks */ = {
			isa = PBXFrameworksBuildPhase;
			buildActionMask = 2147483647;
			files = (
			);
			runOnlyForDeploymentPostprocessing = 0;
		};
		66A0B3272338BFE500F8CBA6 /* Frameworks */ = {
			isa = PBXFrameworksBuildPhase;
			buildActionMask = 2147483647;
			files = (
			);
			runOnlyForDeploymentPostprocessing = 0;
		};
/* End PBXFrameworksBuildPhase section */

/* Begin PBXGroup section */
		66A0B3092338BFE400F8CBA6 = {
			isa = PBXGroup;
			children = (
				66A0B3142338BFE400F8CBA6 /* AES_Base64_Demo */,
				66A0B32D2338BFE500F8CBA6 /* AES_Base64_DemoUITests */,
				66A0B3132338BFE400F8CBA6 /* Products */,
			);
			sourceTree = "<group>";
		};
		66A0B3132338BFE400F8CBA6 /* Products */ = {
			isa = PBXGroup;
			children = (
				66A0B3122338BFE400F8CBA6 /* AES_Base64_Demo.app */,
				66A0B32A2338BFE500F8CBA6 /* AES_Base64_DemoUITests.xctest */,
			);
			name = Products;
			sourceTree = "<group>";
		};
		66A0B3142338BFE400F8CBA6 /* AES_Base64_Demo */ = {
			isa = PBXGroup;
			children = (
				66A0B33A2338C11600F8CBA6 /* 加密工具 */,
				66A0B3392338BFEF00F8CBA6 /* 系统文件 */,
			);
			path = AES_Base64_Demo;
			sourceTree = "<group>";
		};
		66A0B32D2338BFE500F8CBA6 /* AES_Base64_DemoUITests */ = {
			isa = PBXGroup;
			children = (
				66A0B32E2338BFE500F8CBA6 /* AES_Base64_DemoUITests.m */,
				66A0B3302338BFE500F8CBA6 /* Info.plist */,
			);
			path = AES_Base64_DemoUITests;
			sourceTree = "<group>";
		};
		66A0B3392338BFEF00F8CBA6 /* 系统文件 */ = {
			isa = PBXGroup;
			children = (
				66A0B3152338BFE400F8CBA6 /* AppDelegate.h */,
				66A0B3162338BFE400F8CBA6 /* AppDelegate.m */,
				66A0B3182338BFE400F8CBA6 /* ViewController.h */,
				66A0B3192338BFE400F8CBA6 /* ViewController.m */,
				66A0B31B2338BFE400F8CBA6 /* Main.storyboard */,
				66A0B31E2338BFE500F8CBA6 /* Assets.xcassets */,
				66A0B3202338BFE500F8CBA6 /* LaunchScreen.storyboard */,
				66A0B3232338BFE500F8CBA6 /* Info.plist */,
				66A0B3242338BFE500F8CBA6 /* main.m */,
			);
			path = "系统文件";
			sourceTree = "<group>";
		};
		66A0B33A2338C11600F8CBA6 /* 加密工具 */ = {
			isa = PBXGroup;
			children = (
				66A0B33B2338C15C00F8CBA6 /* ApiEncryptionTool.h */,
				66A0B33C2338C15C00F8CBA6 /* ApiEncryptionTool.mm */,
				66A0B33F2338C18900F8CBA6 /* AESTool.hpp */,
				66A0B33E2338C18900F8CBA6 /* AESTool.cpp */,
				66A0B3422338C2CF00F8CBA6 /* Base64Tool.hpp */,
				66A0B3412338C2CF00F8CBA6 /* Base64Tool.cpp */,
			);
			path = "加密工具";
			sourceTree = "<group>";
		};
/* End PBXGroup section */

/* Begin PBXNativeTarget section */
		66A0B3112338BFE400F8CBA6 /* AES_Base64_Demo */ = {
			isa = PBXNativeTarget;
			buildConfigurationList = 66A0B3332338BFE500F8CBA6 /* Build configuration list for PBXNativeTarget "AES_Base64_Demo" */;
			buildPhases = (
				66A0B30E2338BFE400F8CBA6 /* Sources */,
				66A0B30F2338BFE400F8CBA6 /* Frameworks */,
				66A0B3102338BFE400F8CBA6 /* Resources */,
			);
			buildRules = (
			);
			dependencies = (
			);
			name = AES_Base64_Demo;
			productName = AES_Base64_Demo;
			productReference = 66A0B3122338BFE400F8CBA6 /* AES_Base64_Demo.app */;
			productType = "com.apple.product-type.application";
		};
		66A0B3292338BFE500F8CBA6 /* AES_Base64_DemoUITests */ = {
			isa = PBXNativeTarget;
			buildConfigurationList = 66A0B3362338BFE500F8CBA6 /* Build configuration list for PBXNativeTarget "AES_Base64_DemoUITests" */;
			buildPhases = (
				66A0B3262338BFE500F8CBA6 /* Sources */,
				66A0B3272338BFE500F8CBA6 /* Frameworks */,
				66A0B3282338BFE500F8CBA6 /* Resources */,
			);
			buildRules = (
			);
			dependencies = (
				66A0B32C2338BFE500F8CBA6 /* PBXTargetDependency */,
			);
			name = AES_Base64_DemoUITests;
			productName = AES_Base64_DemoUITests;
			productReference = 66A0B32A2338BFE500F8CBA6 /* AES_Base64_DemoUITests.xctest */;
			productType = "com.apple.product-type.bundle.ui-testing";
		};
/* End PBXNativeTarget section */

/* Begin PBXProject section */
		66A0B30A2338BFE400F8CBA6 /* Project object */ = {
			isa = PBXProject;
			attributes = {
				LastUpgradeCheck = 1030;
				ORGANIZATIONNAME = CoderChan;
				TargetAttributes = {
					66A0B3112338BFE400F8CBA6 = {
						CreatedOnToolsVersion = 10.3;
					};
					66A0B3292338BFE500F8CBA6 = {
						CreatedOnToolsVersion = 10.3;
						TestTargetID = 66A0B3112338BFE400F8CBA6;
					};
				};
			};
			buildConfigurationList = 66A0B30D2338BFE400F8CBA6 /* Build configuration list for PBXProject "AES_Base64_Demo" */;
			compatibilityVersion = "Xcode 9.3";
			developmentRegion = en;
			hasScannedForEncodings = 0;
			knownRegions = (
				en,
				Base,
			);
			mainGroup = 66A0B3092338BFE400F8CBA6;
			productRefGroup = 66A0B3132338BFE400F8CBA6 /* Products */;
			projectDirPath = "";
			projectRoot = "";
			targets = (
				66A0B3112338BFE400F8CBA6 /* AES_Base64_Demo */,
				66A0B3292338BFE500F8CBA6 /* AES_Base64_DemoUITests */,
			);
		};
/* End PBXProject section */

/* Begin PBXResourcesBuildPhase section */
		66A0B3102338BFE400F8CBA6 /* Resources */ = {
			isa = PBXResourcesBuildPhase;
			buildActionMask = 2147483647;
			files = (
				66A0B3222338BFE500F8CBA6 /* LaunchScreen.storyboard in Resources */,
				66A0B31F2338BFE500F8CBA6 /* Assets.xcassets in Resources */,
				66A0B31D2338BFE400F8CBA6 /* Main.storyboard in Resources */,
			);
			runOnlyForDeploymentPostprocessing = 0;
		};
		66A0B3282338BFE500F8CBA6 /* Resources */ = {
			isa = PBXResourcesBuildPhase;
			buildActionMask = 2147483647;
			files = (
			);
			runOnlyForDeploymentPostprocessing = 0;
		};
/* End PBXResourcesBuildPhase section */

/* Begin PBXSourcesBuildPhase section */
		66A0B30E2338BFE400F8CBA6 /* Sources */ = {
			isa = PBXSourcesBuildPhase;
			buildActionMask = 2147483647;
			files = (
				66A0B31A2338BFE400F8CBA6 /* ViewController.m in Sources */,
				66A0B3402338C18900F8CBA6 /* AESTool.cpp in Sources */,
				66A0B33D2338C15C00F8CBA6 /* ApiEncryptionTool.mm in Sources */,
				66A0B3252338BFE500F8CBA6 /* main.m in Sources */,
				66A0B3432338C2CF00F8CBA6 /* Base64Tool.cpp in Sources */,
				66A0B3172338BFE400F8CBA6 /* AppDelegate.m in Sources */,
			);
			runOnlyForDeploymentPostprocessing = 0;
		};
		66A0B3262338BFE500F8CBA6 /* Sources */ = {
			isa = PBXSourcesBuildPhase;
			buildActionMask = 2147483647;
			files = (
				66A0B32F2338BFE500F8CBA6 /* AES_Base64_DemoUITests.m in Sources */,
			);
			runOnlyForDeploymentPostprocessing = 0;
		};
/* End PBXSourcesBuildPhase section */

/* Begin PBXTargetDependency section */
		66A0B32C2338BFE500F8CBA6 /* PBXTargetDependency */ = {
			isa = PBXTargetDependency;
			target = 66A0B3112338BFE400F8CBA6 /* AES_Base64_Demo */;
			targetProxy = 66A0B32B2338BFE500F8CBA6 /* PBXContainerItemProxy */;
		};
/* End PBXTargetDependency section */

/* Begin PBXVariantGroup section */
		66A0B31B2338BFE400F8CBA6 /* Main.storyboard */ = {
			isa = PBXVariantGroup;
			children = (
				66A0B31C2338BFE400F8CBA6 /* Base */,
			);
			name = Main.storyboard;
			sourceTree = "<group>";
		};
		66A0B3202338BFE500F8CBA6 /* LaunchScreen.storyboard */ = {
			isa = PBXVariantGroup;
			children = (
				66A0B3212338BFE500F8CBA6 /* Base */,
			);
			name = LaunchScreen.storyboard;
			sourceTree = "<group>";
		};
/* End PBXVariantGroup section */

/* Begin XCBuildConfiguration section */
		66A0B3312338BFE500F8CBA6 /* Debug */ = {
			isa = XCBuildConfiguration;
			buildSettings = {
				ALWAYS_SEARCH_USER_PATHS = NO;
				CLANG_ANALYZER_NONNULL = YES;
				CLANG_ANALYZER_NUMBER_OBJECT_CONVERSION = YES_AGGRESSIVE;
				CLANG_CXX_LANGUAGE_STANDARD = "gnu++14";
				CLANG_CXX_LIBRARY = "libc++";
				CLANG_ENABLE_MODULES = YES;
				CLANG_ENABLE_OBJC_ARC = YES;
				CLANG_ENABLE_OBJC_WEAK = YES;
				CLANG_WARN_BLOCK_CAPTURE_AUTORELEASING = YES;
				CLANG_WARN_BOOL_CONVERSION = YES;
				CLANG_WARN_COMMA = YES;
				CLANG_WARN_CONSTANT_CONVERSION = YES;
				CLANG_WARN_DEPRECATED_OBJC_IMPLEMENTATIONS = YES;
				CLANG_WARN_DIRECT_OBJC_ISA_USAGE = YES_ERROR;
				CLANG_WARN_DOCUMENTATION_COMMENTS = YES;
				CLANG_WARN_EMPTY_BODY = YES;
				CLANG_WARN_ENUM_CONVERSION = YES;
				CLANG_WARN_INFINITE_RECURSION = YES;
				CLANG_WARN_INT_CONVERSION = YES;
				CLANG_WARN_NON_LITERAL_NULL_CONVERSION = YES;
				CLANG_WARN_OBJC_IMPLICIT_RETAIN_SELF = YES;
				CLANG_WARN_OBJC_LITERAL_CONVERSION = YES;
				CLANG_WARN_OBJC_ROOT_CLASS = YES_ERROR;
				CLANG_WARN_RANGE_LOOP_ANALYSIS = YES;
				CLANG_WARN_STRICT_PROTOTYPES = YES;
				CLANG_WARN_SUSPICIOUS_MOVE = YES;
				CLANG_WARN_UNGUARDED_AVAILABILITY = YES_AGGRESSIVE;
				CLANG_WARN_UNREACHABLE_CODE = YES;
				CLANG_WARN__DUPLICATE_METHOD_MATCH = YES;
				CODE_SIGN_IDENTITY = "iPhone Developer";
				COPY_PHASE_STRIP = NO;
				DEBUG_INFORMATION_FORMAT = dwarf;
				ENABLE_STRICT_OBJC_MSGSEND = YES;
				ENABLE_TESTABILITY = YES;
				GCC_C_LANGUAGE_STANDARD = gnu11;
				GCC_DYNAMIC_NO_PIC = NO;
				GCC_NO_COMMON_BLOCKS = YES;
				GCC_OPTIMIZATION_LEVEL = 0;
				GCC_PREPROCESSOR_DEFINITIONS = (
					"DEBUG=1",
					"$(inherited)",
				);
				GCC_WARN_64_TO_32_BIT_CONVERSION = YES;
				GCC_WARN_ABOUT_RETURN_TYPE = YES_ERROR;
				GCC_WARN_UNDECLARED_SELECTOR = YES;
				GCC_WARN_UNINITIALIZED_AUTOS = YES_AGGRESSIVE;
				GCC_WARN_UNUSED_FUNCTION = YES;
				GCC_WARN_UNUSED_VARIABLE = YES;
				IPHONEOS_DEPLOYMENT_TARGET = 12.4;
				MTL_ENABLE_DEBUG_INFO = INCLUDE_SOURCE;
				MTL_FAST_MATH = YES;
				ONLY_ACTIVE_ARCH = YES;
				SDKROOT = iphoneos;
			};
			name = Debug;
		};
		66A0B3322338BFE500F8CBA6 /* Release */ = {
			isa = XCBuildConfiguration;
			buildSettings = {
				ALWAYS_SEARCH_USER_PATHS = NO;
				CLANG_ANALYZER_NONNULL = YES;
				CLANG_ANALYZER_NUMBER_OBJECT_CONVERSION = YES_AGGRESSIVE;
				CLANG_CXX_LANGUAGE_STANDARD = "gnu++14";
				CLANG_CXX_LIBRARY = "libc++";
				CLANG_ENABLE_MODULES = YES;
				CLANG_ENABLE_OBJC_ARC = YES;
				CLANG_ENABLE_OBJC_WEAK = YES;
				CLANG_WARN_BLOCK_CAPTURE_AUTORELEASING = YES;
				CLANG_WARN_BOOL_CONVERSION = YES;
				CLANG_WARN_COMMA = YES;
				CLANG_WARN_CONSTANT_CONVERSION = YES;
				CLANG_WARN_DEPRECATED_OBJC_IMPLEMENTATIONS = YES;
				CLANG_WARN_DIRECT_OBJC_ISA_USAGE = YES_ERROR;
				CLANG_WARN_DOCUMENTATION_COMMENTS = YES;
				CLANG_WARN_EMPTY_BODY = YES;
				CLANG_WARN_ENUM_CONVERSION = YES;
				CLANG_WARN_INFINITE_RECURSION = YES;
				CLANG_WARN_INT_CONVERSION = YES;
				CLANG_WARN_NON_LITERAL_NULL_CONVERSION = YES;
				CLANG_WARN_OBJC_IMPLICIT_RETAIN_SELF = YES;
				CLANG_WARN_OBJC_LITERAL_CONVERSION = YES;
				CLANG_WARN_OBJC_ROOT_CLASS = YES_ERROR;
				CLANG_WARN_RANGE_LOOP_ANALYSIS = YES;
				CLANG_WARN_STRICT_PROTOTYPES = YES;
				CLANG_WARN_SUSPICIOUS_MOVE = YES;
				CLANG_WARN_UNGUARDED_AVAILABILITY = YES_AGGRESSIVE;
				CLANG_WARN_UNREACHABLE_CODE = YES;
				CLANG_WARN__DUPLICATE_METHOD_MATCH = YES;
				CODE_SIGN_IDENTITY = "iPhone Developer";
				COPY_PHASE_STRIP = NO;
				DEBUG_INFORMATION_FORMAT = "dwarf-with-dsym";
				ENABLE_NS_ASSERTIONS = NO;
				ENABLE_STRICT_OBJC_MSGSEND = YES;
				GCC_C_LANGUAGE_STANDARD = gnu11;
				GCC_NO_COMMON_BLOCKS = YES;
				GCC_WARN_64_TO_32_BIT_CONVERSION = YES;
				GCC_WARN_ABOUT_RETURN_TYPE = YES_ERROR;
				GCC_WARN_UNDECLARED_SELECTOR = YES;
				GCC_WARN_UNINITIALIZED_AUTOS = YES_AGGRESSIVE;
				GCC_WARN_UNUSED_FUNCTION = YES;
				GCC_WARN_UNUSED_VARIABLE = YES;
				IPHONEOS_DEPLOYMENT_TARGET = 12.4;
				MTL_ENABLE_DEBUG_INFO = NO;
				MTL_FAST_MATH = YES;
				SDKROOT = iphoneos;
				VALIDATE_PRODUCT = YES;
			};
			name = Release;
		};
		66A0B3342338BFE500F8CBA6 /* Debug */ = {
			isa = XCBuildConfiguration;
			buildSettings = {
				ASSETCATALOG_COMPILER_APPICON_NAME = AppIcon;
				CODE_SIGN_STYLE = Automatic;
				DEVELOPMENT_TEAM = FZ85NNB5N5;
				INFOPLIST_FILE = "$(SRCROOT)/AES_Base64_Demo/系统文件/Info.plist";
				LD_RUNPATH_SEARCH_PATHS = (
					"$(inherited)",
					"@executable_path/Frameworks",
				);
				PRODUCT_BUNDLE_IDENTIFIER = "---.AES-Base64-Demo";
				PRODUCT_NAME = "$(TARGET_NAME)";
				TARGETED_DEVICE_FAMILY = "1,2";
			};
			name = Debug;
		};
		66A0B3352338BFE500F8CBA6 /* Release */ = {
			isa = XCBuildConfiguration;
			buildSettings = {
				ASSETCATALOG_COMPILER_APPICON_NAME = AppIcon;
				CODE_SIGN_STYLE = Automatic;
				DEVELOPMENT_TEAM = FZ85NNB5N5;
				INFOPLIST_FILE = "$(SRCROOT)/AES_Base64_Demo/系统文件/Info.plist";
				LD_RUNPATH_SEARCH_PATHS = (
					"$(inherited)",
					"@executable_path/Frameworks",
				);
				PRODUCT_BUNDLE_IDENTIFIER = "---.AES-Base64-Demo";
				PRODUCT_NAME = "$(TARGET_NAME)";
				TARGETED_DEVICE_FAMILY = "1,2";
			};
			name = Release;
		};
		66A0B3372338BFE500F8CBA6 /* Debug */ = {
			isa = XCBuildConfiguration;
			buildSettings = {
				CODE_SIGN_STYLE = Automatic;
				DEVELOPMENT_TEAM = FZ85NNB5N5;
				INFOPLIST_FILE = AES_Base64_DemoUITests/Info.plist;
				LD_RUNPATH_SEARCH_PATHS = (
					"$(inherited)",
					"@executable_path/Frameworks",
					"@loader_path/Frameworks",
				);
				PRODUCT_BUNDLE_IDENTIFIER = "---.AES-Base64-DemoUITests";
				PRODUCT_NAME = "$(TARGET_NAME)";
				TARGETED_DEVICE_FAMILY = "1,2";
				TEST_TARGET_NAME = AES_Base64_Demo;
			};
			name = Debug;
		};
		66A0B3382338BFE500F8CBA6 /* Release */ = {
			isa = XCBuildConfiguration;
			buildSettings = {
				CODE_SIGN_STYLE = Automatic;
				DEVELOPMENT_TEAM = FZ85NNB5N5;
				INFOPLIST_FILE = AES_Base64_DemoUITests/Info.plist;
				LD_RUNPATH_SEARCH_PATHS = (
					"$(inherited)",
					"@executable_path/Frameworks",
					"@loader_path/Frameworks",
				);
				PRODUCT_BUNDLE_IDENTIFIER = "---.AES-Base64-DemoUITests";
				PRODUCT_NAME = "$(TARGET_NAME)";
				TARGETED_DEVICE_FAMILY = "1,2";
				TEST_TARGET_NAME = AES_Base64_Demo;
			};
			name = Release;
		};
/* End XCBuildConfiguration section */

/* Begin XCConfigurationList section */
		66A0B30D2338BFE400F8CBA6 /* Build configuration list for PBXProject "AES_Base64_Demo" */ = {
			isa = XCConfigurationList;
			buildConfigurations = (
				66A0B3312338BFE500F8CBA6 /* Debug */,
				66A0B3322338BFE500F8CBA6 /* Release */,
			);
			defaultConfigurationIsVisible = 0;
			defaultConfigurationName = Release;
		};
		66A0B3332338BFE500F8CBA6 /* Build configuration list for PBXNativeTarget "AES_Base64_Demo" */ = {
			isa = XCConfigurationList;
			buildConfigurations = (
				66A0B3342338BFE500F8CBA6 /* Debug */,
				66A0B3352338BFE500F8CBA6 /* Release */,
			);
			defaultConfigurationIsVisible = 0;
			defaultConfigurationName = Release;
		};
		66A0B3362338BFE500F8CBA6 /* Build configuration list for PBXNativeTarget "AES_Base64_DemoUITests" */ = {
			isa = XCConfigurationList;
			buildConfigurations = (
				66A0B3372338BFE500F8CBA6 /* Debug */,
				66A0B3382338BFE500F8CBA6 /* Release */,
			);
			defaultConfigurationIsVisible = 0;
			defaultConfigurationName = Release;
		};
/* End XCConfigurationList section */
	};
	rootObject = 66A0B30A2338BFE400F8CBA6 /* Project object */;
}
